// !$*UTF8*$!
{
	archiveVersion = 1;
	classes = {
	};
	objectVersion = 50;
	objects = {

/* Begin PBXBuildFile section */
		3F0591A026BC17BB003AD766 /* BodyTemperatureSenderApp.swift in Sources */ = {isa = PBXBuildFile; fileRef = 3F05919F26BC17BB003AD766 /* BodyTemperatureSenderApp.swift */; };
		3F0591A226BC17BB003AD766 /* ContentView.swift in Sources */ = {isa = PBXBuildFile; fileRef = 3F0591A126BC17BB003AD766 /* ContentView.swift */; };
		3F0591A426BC17BD003AD766 /* Assets.xcassets in Resources */ = {isa = PBXBuildFile; fileRef = 3F0591A326BC17BD003AD766 /* Assets.xcassets */; };
		3F0591A726BC17BD003AD766 /* Preview Assets.xcassets in Resources */ = {isa = PBXBuildFile; fileRef = 3F0591A626BC17BD003AD766 /* Preview Assets.xcassets */; };
		3F0591B226BC17BD003AD766 /* BodyTemperatureSenderTests.swift in Sources */ = {isa = PBXBuildFile; fileRef = 3F0591B126BC17BD003AD766 /* BodyTemperatureSenderTests.swift */; };
		3F0591BD26BC17BD003AD766 /* BodyTemperatureSenderUITests.swift in Sources */ = {isa = PBXBuildFile; fileRef = 3F0591BC26BC17BD003AD766 /* BodyTemperatureSenderUITests.swift */; };
/* End PBXBuildFile section */

/* Begin PBXContainerItemProxy section */
		3F0591AE26BC17BD003AD766 /* PBXContainerItemProxy */ = {
			isa = PBXContainerItemProxy;
			containerPortal = 3F05919426BC17BB003AD766 /* Project object */;
			proxyType = 1;
			remoteGlobalIDString = 3F05919B26BC17BB003AD766;
			remoteInfo = BodyTemperatureSender;
		};
		3F0591B926BC17BD003AD766 /* PBXContainerItemProxy */ = {
			isa = PBXContainerItemProxy;
			containerPortal = 3F05919426BC17BB003AD766 /* Project object */;
			proxyType = 1;
			remoteGlobalIDString = 3F05919B26BC17BB003AD766;
			remoteInfo = BodyTemperatureSender;
		};
/* End PBXContainerItemProxy section */

/* Begin PBXFileReference section */
		3F05919C26BC17BB003AD766 /* BodyTemperatureSender.app */ = {isa = PBXFileReference; explicitFileType = wrapper.application; includeInIndex = 0; path = BodyTemperatureSender.app; sourceTree = BUILT_PRODUCTS_DIR; };
		3F05919F26BC17BB003AD766 /* BodyTemperatureSenderApp.swift */ = {isa = PBXFileReference; lastKnownFileType = sourcecode.swift; path = BodyTemperatureSenderApp.swift; sourceTree = "<group>"; };
		3F0591A126BC17BB003AD766 /* ContentView.swift */ = {isa = PBXFileReference; lastKnownFileType = sourcecode.swift; path = ContentView.swift; sourceTree = "<group>"; };
		3F0591A326BC17BD003AD766 /* Assets.xcassets */ = {isa = PBXFileReference; lastKnownFileType = folder.assetcatalog; path = Assets.xcassets; sourceTree = "<group>"; };
		3F0591A626BC17BD003AD766 /* Preview Assets.xcassets */ = {isa = PBXFileReference; lastKnownFileType = folder.assetcatalog; path = "Preview Assets.xcassets"; sourceTree = "<group>"; };
		3F0591A826BC17BD003AD766 /* Info.plist */ = {isa = PBXFileReference; lastKnownFileType = text.plist.xml; path = Info.plist; sourceTree = "<group>"; };
		3F0591AD26BC17BD003AD766 /* BodyTemperatureSenderTests.xctest */ = {isa = PBXFileReference; explicitFileType = wrapper.cfbundle; includeInIndex = 0; path = BodyTemperatureSenderTests.xctest; sourceTree = BUILT_PRODUCTS_DIR; };
		3F0591B126BC17BD003AD766 /* BodyTemperatureSenderTests.swift */ = {isa = PBXFileReference; lastKnownFileType = sourcecode.swift; path = BodyTemperatureSenderTests.swift; sourceTree = "<group>"; };
		3F0591B326BC17BD003AD766 /* Info.plist */ = {isa = PBXFileReference; lastKnownFileType = text.plist.xml; path = Info.plist; sourceTree = "<group>"; };
		3F0591B826BC17BD003AD766 /* BodyTemperatureSenderUITests.xctest */ = {isa = PBXFileReference; explicitFileType = wrapper.cfbundle; includeInIndex = 0; path = BodyTemperatureSenderUITests.xctest; sourceTree = BUILT_PRODUCTS_DIR; };
		3F0591BC26BC17BD003AD766 /* BodyTemperatureSenderUITests.swift */ = {isa = PBXFileReference; lastKnownFileType = sourcecode.swift; path = BodyTemperatureSenderUITests.swift; sourceTree = "<group>"; };
		3F0591BE26BC17BD003AD766 /* Info.plist */ = {isa = PBXFileReference; lastKnownFileType = text.plist.xml; path = Info.plist; sourceTree = "<group>"; };
/* End PBXFileReference section */

/* Begin PBXFrameworksBuildPhase section */
		3F05919926BC17BB003AD766 /* Frameworks */ = {
			isa = PBXFrameworksBuildPhase;
			buildActionMask = 2147483647;
			files = (
			);
			runOnlyForDeploymentPostprocessing = 0;
		};
		3F0591AA26BC17BD003AD766 /* Frameworks */ = {
			isa = PBXFrameworksBuildPhase;
			buildActionMask = 2147483647;
			files = (
			);
			runOnlyForDeploymentPostprocessing = 0;
		};
		3F0591B526BC17BD003AD766 /* Frameworks */ = {
			isa = PBXFrameworksBuildPhase;
			buildActionMask = 2147483647;
			files = (
			);
			runOnlyForDeploymentPostprocessing = 0;
		};
/* End PBXFrameworksBuildPhase section */

/* Begin PBXGroup section */
		3F05919326BC17BB003AD766 = {
			isa = PBXGroup;
			children = (
				3F05919E26BC17BB003AD766 /* BodyTemperatureSender */,
				3F0591B026BC17BD003AD766 /* BodyTemperatureSenderTests */,
				3F0591BB26BC17BD003AD766 /* BodyTemperatureSenderUITests */,
				3F05919D26BC17BB003AD766 /* Products */,
			);
			sourceTree = "<group>";
		};
		3F05919D26BC17BB003AD766 /* Products */ = {
			isa = PBXGroup;
			children = (
				3F05919C26BC17BB003AD766 /* BodyTemperatureSender.app */,
				3F0591AD26BC17BD003AD766 /* BodyTemperatureSenderTests.xctest */,
				3F0591B826BC17BD003AD766 /* BodyTemperatureSenderUITests.xctest */,
			);
			name = Products;
			sourceTree = "<group>";
		};
		3F05919E26BC17BB003AD766 /* BodyTemperatureSender */ = {
			isa = PBXGroup;
			children = (
				3F05919F26BC17BB003AD766 /* BodyTemperatureSenderApp.swift */,
				3F0591A126BC17BB003AD766 /* ContentView.swift */,
				3F0591A326BC17BD003AD766 /* Assets.xcassets */,
				3F0591A826BC17BD003AD766 /* Info.plist */,
				3F0591A526BC17BD003AD766 /* Preview Content */,
			);
			path = BodyTemperatureSender;
			sourceTree = "<group>";
		};
		3F0591A526BC17BD003AD766 /* Preview Content */ = {
			isa = PBXGroup;
			children = (
				3F0591A626BC17BD003AD766 /* Preview Assets.xcassets */,
			);
			path = "Preview Content";
			sourceTree = "<group>";
		};
		3F0591B026BC17BD003AD766 /* BodyTemperatureSenderTests */ = {
			isa = PBXGroup;
			children = (
				3F0591B126BC17BD003AD766 /* BodyTemperatureSenderTests.swift */,
				3F0591B326BC17BD003AD766 /* Info.plist */,
			);
			path = BodyTemperatureSenderTests;
			sourceTree = "<group>";
		};
		3F0591BB26BC17BD003AD766 /* BodyTemperatureSenderUITests */ = {
			isa = PBXGroup;
			children = (
				3F0591BC26BC17BD003AD766 /* BodyTemperatureSenderUITests.swift */,
				3F0591BE26BC17BD003AD766 /* Info.plist */,
			);
			path = BodyTemperatureSenderUITests;
			sourceTree = "<group>";
		};
/* End PBXGroup section */

/* Begin PBXNativeTarget section */
		3F05919B26BC17BB003AD766 /* BodyTemperatureSender */ = {
			isa = PBXNativeTarget;
			buildConfigurationList = 3F0591C126BC17BD003AD766 /* Build configuration list for PBXNativeTarget "BodyTemperatureSender" */;
			buildPhases = (
				3F05919826BC17BB003AD766 /* Sources */,
				3F05919926BC17BB003AD766 /* Frameworks */,
				3F05919A26BC17BB003AD766 /* Resources */,
			);
			buildRules = (
			);
			dependencies = (
			);
			name = BodyTemperatureSender;
			productName = BodyTemperatureSender;
			productReference = 3F05919C26BC17BB003AD766 /* BodyTemperatureSender.app */;
			productType = "com.apple.product-type.application";
		};
		3F0591AC26BC17BD003AD766 /* BodyTemperatureSenderTests */ = {
			isa = PBXNativeTarget;
			buildConfigurationList = 3F0591C426BC17BD003AD766 /* Build configuration list for PBXNativeTarget "BodyTemperatureSenderTests" */;
			buildPhases = (
				3F0591A926BC17BD003AD766 /* Sources */,
				3F0591AA26BC17BD003AD766 /* Frameworks */,
				3F0591AB26BC17BD003AD766 /* Resources */,
			);
			buildRules = (
			);
			dependencies = (
				3F0591AF26BC17BD003AD766 /* PBXTargetDependency */,
			);
			name = BodyTemperatureSenderTests;
			productName = BodyTemperatureSenderTests;
			productReference = 3F0591AD26BC17BD003AD766 /* BodyTemperatureSenderTests.xctest */;
			productType = "com.apple.product-type.bundle.unit-test";
		};
		3F0591B726BC17BD003AD766 /* BodyTemperatureSenderUITests */ = {
			isa = PBXNativeTarget;
			buildConfigurationList = 3F0591C726BC17BD003AD766 /* Build configuration list for PBXNativeTarget "BodyTemperatureSenderUITests" */;
			buildPhases = (
				3F0591B426BC17BD003AD766 /* Sources */,
				3F0591B526BC17BD003AD766 /* Frameworks */,
				3F0591B626BC17BD003AD766 /* Resources */,
			);
			buildRules = (
			);
			dependencies = (
				3F0591BA26BC17BD003AD766 /* PBXTargetDependency */,
			);
			name = BodyTemperatureSenderUITests;
			productName = BodyTemperatureSenderUITests;
			productReference = 3F0591B826BC17BD003AD766 /* BodyTemperatureSenderUITests.xctest */;
			productType = "com.apple.product-type.bundle.ui-testing";
		};
/* End PBXNativeTarget section */

/* Begin PBXProject section */
		3F05919426BC17BB003AD766 /* Project object */ = {
			isa = PBXProject;
			attributes = {
				LastSwiftUpdateCheck = 1250;
				LastUpgradeCheck = 1250;
				TargetAttributes = {
					3F05919B26BC17BB003AD766 = {
						CreatedOnToolsVersion = 12.5.1;
					};
					3F0591AC26BC17BD003AD766 = {
						CreatedOnToolsVersion = 12.5.1;
						TestTargetID = 3F05919B26BC17BB003AD766;
					};
					3F0591B726BC17BD003AD766 = {
						CreatedOnToolsVersion = 12.5.1;
						TestTargetID = 3F05919B26BC17BB003AD766;
					};
				};
			};
			buildConfigurationList = 3F05919726BC17BB003AD766 /* Build configuration list for PBXProject "BodyTemperatureSender" */;
			compatibilityVersion = "Xcode 9.3";
			developmentRegion = en;
			hasScannedForEncodings = 0;
			knownRegions = (
				en,
				Base,
			);
			mainGroup = 3F05919326BC17BB003AD766;
			productRefGroup = 3F05919D26BC17BB003AD766 /* Products */;
			projectDirPath = "";
			projectRoot = "";
			targets = (
				3F05919B26BC17BB003AD766 /* BodyTemperatureSender */,
				3F0591AC26BC17BD003AD766 /* BodyTemperatureSenderTests */,
				3F0591B726BC17BD003AD766 /* BodyTemperatureSenderUITests */,
			);
		};
/* End PBXProject section */

/* Begin PBXResourcesBuildPhase section */
		3F05919A26BC17BB003AD766 /* Resources */ = {
			isa = PBXResourcesBuildPhase;
			buildActionMask = 2147483647;
			files = (
				3F0591A726BC17BD003AD766 /* Preview Assets.xcassets in Resources */,
				3F0591A426BC17BD003AD766 /* Assets.xcassets in Resources */,
			);
			runOnlyForDeploymentPostprocessing = 0;
		};
		3F0591AB26BC17BD003AD766 /* Resources */ = {
			isa = PBXResourcesBuildPhase;
			buildActionMask = 2147483647;
			files = (
			);
			runOnlyForDeploymentPostprocessing = 0;
		};
		3F0591B626BC17BD003AD766 /* Resources */ = {
			isa = PBXResourcesBuildPhase;
			buildActionMask = 2147483647;
			files = (
			);
			runOnlyForDeploymentPostprocessing = 0;
		};
/* End PBXResourcesBuildPhase section */

/* Begin PBXSourcesBuildPhase section */
		3F05919826BC17BB003AD766 /* Sources */ = {
			isa = PBXSourcesBuildPhase;
			buildActionMask = 2147483647;
			files = (
				3F0591A226BC17BB003AD766 /* ContentView.swift in Sources */,
				3F0591A026BC17BB003AD766 /* BodyTemperatureSenderApp.swift in Sources */,
			);
			runOnlyForDeploymentPostprocessing = 0;
		};
		3F0591A926BC17BD003AD766 /* Sources */ = {
			isa = PBXSourcesBuildPhase;
			buildActionMask = 2147483647;
			files = (
				3F0591B226BC17BD003AD766 /* BodyTemperatureSenderTests.swift in Sources */,
			);
			runOnlyForDeploymentPostprocessing = 0;
		};
		3F0591B426BC17BD003AD766 /* Sources */ = {
			isa = PBXSourcesBuildPhase;
			buildActionMask = 2147483647;
			files = (
				3F0591BD26BC17BD003AD766 /* BodyTemperatureSenderUITests.swift in Sources */,
			);
			runOnlyForDeploymentPostprocessing = 0;
		};
/* End PBXSourcesBuildPhase section */

/* Begin PBXTargetDependency section */
		3F0591AF26BC17BD003AD766 /* PBXTargetDependency */ = {
			isa = PBXTargetDependency;
			target = 3F05919B26BC17BB003AD766 /* BodyTemperatureSender */;
			targetProxy = 3F0591AE26BC17BD003AD766 /* PBXContainerItemProxy */;
		};
		3F0591BA26BC17BD003AD766 /* PBXTargetDependency */ = {
			isa = PBXTargetDependency;
			target = 3F05919B26BC17BB003AD766 /* BodyTemperatureSender */;
			targetProxy = 3F0591B926BC17BD003AD766 /* PBXContainerItemProxy */;
		};
/* End PBXTargetDependency section */

/* Begin XCBuildConfiguration section */
		3F0591BF26BC17BD003AD766 /* Debug */ = {
			isa = XCBuildConfiguration;
			buildSettings = {
				ALWAYS_SEARCH_USER_PATHS = NO;
				CLANG_ANALYZER_NONNULL = YES;
				CLANG_ANALYZER_NUMBER_OBJECT_CONVERSION = YES_AGGRESSIVE;
				CLANG_CXX_LANGUAGE_STANDARD = "gnu++14";
				CLANG_CXX_LIBRARY = "libc++";
				CLANG_ENABLE_MODULES = YES;
				CLANG_ENABLE_OBJC_ARC = YES;
				CLANG_ENABLE_OBJC_WEAK = YES;
				CLANG_WARN_BLOCK_CAPTURE_AUTORELEASING = YES;
				CLANG_WARN_BOOL_CONVERSION = YES;
				CLANG_WARN_COMMA = YES;
				CLANG_WARN_CONSTANT_CONVERSION = YES;
				CLANG_WARN_DEPRECATED_OBJC_IMPLEMENTATIONS = YES;
				CLANG_WARN_DIRECT_OBJC_ISA_USAGE = YES_ERROR;
				CLANG_WARN_DOCUMENTATION_COMMENTS = YES;
				CLANG_WARN_EMPTY_BODY = YES;
				CLANG_WARN_ENUM_CONVERSION = YES;
				CLANG_WARN_INFINITE_RECURSION = YES;
				CLANG_WARN_INT_CONVERSION = YES;
				CLANG_WARN_NON_LITERAL_NULL_CONVERSION = YES;
				CLANG_WARN_OBJC_IMPLICIT_RETAIN_SELF = YES;
				CLANG_WARN_OBJC_LITERAL_CONVERSION = YES;
				CLANG_WARN_OBJC_ROOT_CLASS = YES_ERROR;
				CLANG_WARN_QUOTED_INCLUDE_IN_FRAMEWORK_HEADER = YES;
				CLANG_WARN_RANGE_LOOP_ANALYSIS = YES;
				CLANG_WARN_STRICT_PROTOTYPES = YES;
				CLANG_WARN_SUSPICIOUS_MOVE = YES;
				CLANG_WARN_UNGUARDED_AVAILABILITY = YES_AGGRESSIVE;
				CLANG_WARN_UNREACHABLE_CODE = YES;
				CLANG_WARN__DUPLICATE_METHOD_MATCH = YES;
				COPY_PHASE_STRIP = NO;
				DEBUG_INFORMATION_FORMAT = dwarf;
				ENABLE_STRICT_OBJC_MSGSEND = YES;
				ENABLE_TESTABILITY = YES;
				GCC_C_LANGUAGE_STANDARD = gnu11;
				GCC_DYNAMIC_NO_PIC = NO;
				GCC_NO_COMMON_BLOCKS = YES;
				GCC_OPTIMIZATION_LEVEL = 0;
				GCC_PREPROCESSOR_DEFINITIONS = (
					"DEBUG=1",
					"$(inherited)",
				);
				GCC_WARN_64_TO_32_BIT_CONVERSION = YES;
				GCC_WARN_ABOUT_RETURN_TYPE = YES_ERROR;
				GCC_WARN_UNDECLARED_SELECTOR = YES;
				GCC_WARN_UNINITIALIZED_AUTOS = YES_AGGRESSIVE;
				GCC_WARN_UNUSED_FUNCTION = YES;
				GCC_WARN_UNUSED_VARIABLE = YES;
				IPHONEOS_DEPLOYMENT_TARGET = 14.5;
				MTL_ENABLE_DEBUG_INFO = INCLUDE_SOURCE;
				MTL_FAST_MATH = YES;
				ONLY_ACTIVE_ARCH = YES;
				SDKROOT = iphoneos;
				SWIFT_ACTIVE_COMPILATION_CONDITIONS = DEBUG;
				SWIFT_OPTIMIZATION_LEVEL = "-Onone";
			};
			name = Debug;
		};
		3F0591C026BC17BD003AD766 /* Release */ = {
			isa = XCBuildConfiguration;
			buildSettings = {
				ALWAYS_SEARCH_USER_PATHS = NO;
				CLANG_ANALYZER_NONNULL = YES;
				CLANG_ANALYZER_NUMBER_OBJECT_CONVERSION = YES_AGGRESSIVE;
				CLANG_CXX_LANGUAGE_STANDARD = "gnu++14";
				CLANG_CXX_LIBRARY = "libc++";
				CLANG_ENABLE_MODULES = YES;
				CLANG_ENABLE_OBJC_ARC = YES;
				CLANG_ENABLE_OBJC_WEAK = YES;
				CLANG_WARN_BLOCK_CAPTURE_AUTORELEASING = YES;
				CLANG_WARN_BOOL_CONVERSION = YES;
				CLANG_WARN_COMMA = YES;
				CLANG_WARN_CONSTANT_CONVERSION = YES;
				CLANG_WARN_DEPRECATED_OBJC_IMPLEMENTATIONS = YES;
				CLANG_WARN_DIRECT_OBJC_ISA_USAGE = YES_ERROR;
				CLANG_WARN_DOCUMENTATION_COMMENTS = YES;
				CLANG_WARN_EMPTY_BODY = YES;
				CLANG_WARN_ENUM_CONVERSION = YES;
				CLANG_WARN_INFINITE_RECURSION = YES;
				CLANG_WARN_INT_CONVERSION = YES;
				CLANG_WARN_NON_LITERAL_NULL_CONVERSION = YES;
				CLANG_WARN_OBJC_IMPLICIT_RETAIN_SELF = YES;
				CLANG_WARN_OBJC_LITERAL_CONVERSION = YES;
				CLANG_WARN_OBJC_ROOT_CLASS = YES_ERROR;
				CLANG_WARN_QUOTED_INCLUDE_IN_FRAMEWORK_HEADER = YES;
				CLANG_WARN_RANGE_LOOP_ANALYSIS = YES;
				CLANG_WARN_STRICT_PROTOTYPES = YES;
				CLANG_WARN_SUSPICIOUS_MOVE = YES;
				CLANG_WARN_UNGUARDED_AVAILABILITY = YES_AGGRESSIVE;
				CLANG_WARN_UNREACHABLE_CODE = YES;
				CLANG_WARN__DUPLICATE_METHOD_MATCH = YES;
				COPY_PHASE_STRIP = NO;
				DEBUG_INFORMATION_FORMAT = "dwarf-with-dsym";
				ENABLE_NS_ASSERTIONS = NO;
				ENABLE_STRICT_OBJC_MSGSEND = YES;
				GCC_C_LANGUAGE_STANDARD = gnu11;
				GCC_NO_COMMON_BLOCKS = YES;
				GCC_WARN_64_TO_32_BIT_CONVERSION = YES;
				GCC_WARN_ABOUT_RETURN_TYPE = YES_ERROR;
				GCC_WARN_UNDECLARED_SELECTOR = YES;
				GCC_WARN_UNINITIALIZED_AUTOS = YES_AGGRESSIVE;
				GCC_WARN_UNUSED_FUNCTION = YES;
				GCC_WARN_UNUSED_VARIABLE = YES;
				IPHONEOS_DEPLOYMENT_TARGET = 14.5;
				MTL_ENABLE_DEBUG_INFO = NO;
				MTL_FAST_MATH = YES;
				SDKROOT = iphoneos;
				SWIFT_COMPILATION_MODE = wholemodule;
				SWIFT_OPTIMIZATION_LEVEL = "-O";
				VALIDATE_PRODUCT = YES;
			};
			name = Release;
		};
		3F0591C226BC17BD003AD766 /* Debug */ = {
			isa = XCBuildConfiguration;
			buildSettings = {
				ASSETCATALOG_COMPILER_APPICON_NAME = AppIcon;
				ASSETCATALOG_COMPILER_GLOBAL_ACCENT_COLOR_NAME = AccentColor;
				CODE_SIGN_STYLE = Automatic;
				DEVELOPMENT_ASSET_PATHS = "\"BodyTemperatureSender/Preview Content\"";
				DEVELOPMENT_TEAM = TSUSRLG3NJ;
				ENABLE_PREVIEWS = YES;
				INFOPLIST_FILE = BodyTemperatureSender/Info.plist;
				IPHONEOS_DEPLOYMENT_TARGET = 14.0;
				LD_RUNPATH_SEARCH_PATHS = (
					"$(inherited)",
					"@executable_path/Frameworks",
				);
				PRODUCT_BUNDLE_IDENTIFIER = "com.soft-syokunin.BodyTemperatureSender.BodyTemperatureSender";
				PRODUCT_NAME = "$(TARGET_NAME)";
				SWIFT_VERSION = 5.0;
				TARGETED_DEVICE_FAMILY = "1,2";
			};
			name = Debug;
		};
		3F0591C326BC17BD003AD766 /* Release */ = {
			isa = XCBuildConfiguration;
			buildSettings = {
				ASSETCATALOG_COMPILER_APPICON_NAME = AppIcon;
				ASSETCATALOG_COMPILER_GLOBAL_ACCENT_COLOR_NAME = AccentColor;
				CODE_SIGN_STYLE = Automatic;
				DEVELOPMENT_ASSET_PATHS = "\"BodyTemperatureSender/Preview Content\"";
				DEVELOPMENT_TEAM = TSUSRLG3NJ;
				ENABLE_PREVIEWS = YES;
				INFOPLIST_FILE = BodyTemperatureSender/Info.plist;
				IPHONEOS_DEPLOYMENT_TARGET = 14.0;
				LD_RUNPATH_SEARCH_PATHS = (
					"$(inherited)",
					"@executable_path/Frameworks",
				);
				PRODUCT_BUNDLE_IDENTIFIER = "com.soft-syokunin.BodyTemperatureSender.BodyTemperatureSender";
				PRODUCT_NAME = "$(TARGET_NAME)";
				SWIFT_VERSION = 5.0;
				TARGETED_DEVICE_FAMILY = "1,2";
			};
			name = Release;
		};
		3F0591C526BC17BD003AD766 /* Debug */ = {
			isa = XCBuildConfiguration;
			buildSettings = {
				ALWAYS_EMBED_SWIFT_STANDARD_LIBRARIES = YES;
				BUNDLE_LOADER = "$(TEST_HOST)";
				CODE_SIGN_STYLE = Automatic;
				DEVELOPMENT_TEAM = TSUSRLG3NJ;
				INFOPLIST_FILE = BodyTemperatureSenderTests/Info.plist;
				IPHONEOS_DEPLOYMENT_TARGET = 14.0;
				LD_RUNPATH_SEARCH_PATHS = (
					"$(inherited)",
					"@executable_path/Frameworks",
					"@loader_path/Frameworks",
				);
				PRODUCT_BUNDLE_IDENTIFIER = "com.soft-syokunin.BodyTemperatureSender.BodyTemperatureSenderTests";
				PRODUCT_NAME = "$(TARGET_NAME)";
				SWIFT_VERSION = 5.0;
				TARGETED_DEVICE_FAMILY = "1,2";
				TEST_HOST = "$(BUILT_PRODUCTS_DIR)/BodyTemperatureSender.app/BodyTemperatureSender";
			};
			name = Debug;
		};
		3F0591C626BC17BD003AD766 /* Release */ = {
			isa = XCBuildConfiguration;
			buildSettings = {
				ALWAYS_EMBED_SWIFT_STANDARD_LIBRARIES = YES;
				BUNDLE_LOADER = "$(TEST_HOST)";
				CODE_SIGN_STYLE = Automatic;
				DEVELOPMENT_TEAM = TSUSRLG3NJ;
				INFOPLIST_FILE = BodyTemperatureSenderTests/Info.plist;
				IPHONEOS_DEPLOYMENT_TARGET = 14.0;
				LD_RUNPATH_SEARCH_PATHS = (
					"$(inherited)",
					"@executable_path/Frameworks",
					"@loader_path/Frameworks",
				);
				PRODUCT_BUNDLE_IDENTIFIER = "com.soft-syokunin.BodyTemperatureSender.BodyTemperatureSenderTests";
				PRODUCT_NAME = "$(TARGET_NAME)";
				SWIFT_VERSION = 5.0;
				TARGETED_DEVICE_FAMILY = "1,2";
				TEST_HOST = "$(BUILT_PRODUCTS_DIR)/BodyTemperatureSender.app/BodyTemperatureSender";
			};
			name = Release;
		};
		3F0591C826BC17BD003AD766 /* Debug */ = {
			isa = XCBuildConfiguration;
			buildSettings = {
				ALWAYS_EMBED_SWIFT_STANDARD_LIBRARIES = YES;
				CODE_SIGN_STYLE = Automatic;
				DEVELOPMENT_TEAM = TSUSRLG3NJ;
				INFOPLIST_FILE = BodyTemperatureSenderUITests/Info.plist;
				LD_RUNPATH_SEARCH_PATHS = (
					"$(inherited)",
					"@executable_path/Frameworks",
					"@loader_path/Frameworks",
				);
				PRODUCT_BUNDLE_IDENTIFIER = "com.soft-syokunin.BodyTemperatureSender.BodyTemperatureSenderUITests";
				PRODUCT_NAME = "$(TARGET_NAME)";
				SWIFT_VERSION = 5.0;
				TARGETED_DEVICE_FAMILY = "1,2";
				TEST_TARGET_NAME = BodyTemperatureSender;
			};
			name = Debug;
		};
		3F0591C926BC17BD003AD766 /* Release */ = {
			isa = XCBuildConfiguration;
			buildSettings = {
				ALWAYS_EMBED_SWIFT_STANDARD_LIBRARIES = YES;
				CODE_SIGN_STYLE = Automatic;
				DEVELOPMENT_TEAM = TSUSRLG3NJ;
				INFOPLIST_FILE = BodyTemperatureSenderUITests/Info.plist;
				LD_RUNPATH_SEARCH_PATHS = (
					"$(inherited)",
					"@executable_path/Frameworks",
					"@loader_path/Frameworks",
				);
				PRODUCT_BUNDLE_IDENTIFIER = "com.soft-syokunin.BodyTemperatureSender.BodyTemperatureSenderUITests";
				PRODUCT_NAME = "$(TARGET_NAME)";
				SWIFT_VERSION = 5.0;
				TARGETED_DEVICE_FAMILY = "1,2";
				TEST_TARGET_NAME = BodyTemperatureSender;
			};
			name = Release;
		};
/* End XCBuildConfiguration section */

/* Begin XCConfigurationList section */
		3F05919726BC17BB003AD766 /* Build configuration list for PBXProject "BodyTemperatureSender" */ = {
			isa = XCConfigurationList;
			buildConfigurations = (
				3F0591BF26BC17BD003AD766 /* Debug */,
				3F0591C026BC17BD003AD766 /* Release */,
			);
			defaultConfigurationIsVisible = 0;
			defaultConfigurationName = Release;
		};
		3F0591C126BC17BD003AD766 /* Build configuration list for PBXNativeTarget "BodyTemperatureSender" */ = {
			isa = XCConfigurationList;
			buildConfigurations = (
				3F0591C226BC17BD003AD766 /* Debug */,
				3F0591C326BC17BD003AD766 /* Release */,
			);
			defaultConfigurationIsVisible = 0;
			defaultConfigurationName = Release;
		};
		3F0591C426BC17BD003AD766 /* Build configuration list for PBXNativeTarget "BodyTemperatureSenderTests" */ = {
			isa = XCConfigurationList;
			buildConfigurations = (
				3F0591C526BC17BD003AD766 /* Debug */,
				3F0591C626BC17BD003AD766 /* Release */,
			);
			defaultConfigurationIsVisible = 0;
			defaultConfigurationName = Release;
		};
		3F0591C726BC17BD003AD766 /* Build configuration list for PBXNativeTarget "BodyTemperatureSenderUITests" */ = {
			isa = XCConfigurationList;
			buildConfigurations = (
				3F0591C826BC17BD003AD766 /* Debug */,
				3F0591C926BC17BD003AD766 /* Release */,
			);
			defaultConfigurationIsVisible = 0;
			defaultConfigurationName = Release;
		};
/* End XCConfigurationList section */
	};
	rootObject = 3F05919426BC17BB003AD766 /* Project object */;
}
